
Microsoft Visual Studio Solution File, Format Version 12.00
# Visual Studio 2013
VisualStudioVersion = 12.0.40629.0
MinimumVisualStudioVersion = 10.0.40219.1
Project("{FAE04EC0-301F-11D3-BF4B-00C04F79EFBC}") = "LibraryActionReceiver.Core", "LibraryActionReceiver2013.Core\LibraryActionReceiver.Core.csproj", "{4FD71445-AD8E-486C-A97B-4AAAA06991EF}"
EndProject
Project("{FAE04EC0-301F-11D3-BF4B-00C04F79EFBC}") = "LibraryActionReceiver2013", "LibraryActionReceiver2013\LibraryActionReceiver2013.csproj", "{2D59D8FF-6630-4CC7-9C46-34D10AC26056}"
EndProject
Global
	GlobalSection(SolutionConfigurationPlatforms) = preSolution
		Debug|Any CPU = Debug|Any CPU
		Release|Any CPU = Release|Any CPU
	EndGlobalSection
	GlobalSection(ProjectConfigurationPlatforms) = postSolution
		{4FD71445-AD8E-486C-A97B-4AAAA06991EF}.Debug|Any CPU.ActiveCfg = Debug|Any CPU
		{4FD71445-AD8E-486C-A97B-4AAAA06991EF}.Debug|Any CPU.Build.0 = Debug|Any CPU
		{4FD71445-AD8E-486C-A97B-4AAAA06991EF}.Release|Any CPU.ActiveCfg = Release|Any CPU
		{4FD71445-AD8E-486C-A97B-4AAAA06991EF}.Release|Any CPU.Build.0 = Release|Any CPU
		{2D59D8FF-6630-4CC7-9C46-34D10AC26056}.Debug|Any CPU.ActiveCfg = Debug|Any CPU
		{2D59D8FF-6630-4CC7-9C46-34D10AC26056}.Debug|Any CPU.Build.0 = Debug|Any CPU
		{2D59D8FF-6630-4CC7-9C46-34D10AC26056}.Debug|Any CPU.Deploy.0 = Debug|Any CPU
		{2D59D8FF-6630-4CC7-9C46-34D10AC26056}.Release|Any CPU.ActiveCfg = Release|Any CPU
		{2D59D8FF-6630-4CC7-9C46-34D10AC26056}.Release|Any CPU.Build.0 = Release|Any CPU
		{2D59D8FF-6630-4CC7-9C46-34D10AC26056}.Release|Any CPU.Deploy.0 = Release|Any CPU
	EndGlobalSection
	GlobalSection(SolutionProperties) = preSolution
		HideSolutionNode = FALSE
	EndGlobalSection
EndGlobal
